// !$*UTF8*$!
{
	archiveVersion = 1;
	classes = {
	};
	objectVersion = 46;
	objects = {

/* Begin PBXBuildFile section */
		A16F28611A3E3CF500DFA1D3 /* foxhurt2.wav in Resources */ = {isa = PBXBuildFile; fileRef = A16F28601A3E3CF500DFA1D3 /* foxhurt2.wav */; };
		A1D6F83D1A2BEDCC00250CC6 /* AppDelegate.swift in Sources */ = {isa = PBXBuildFile; fileRef = A1D6F83C1A2BEDCC00250CC6 /* AppDelegate.swift */; };
		A1D6F8401A2BEDCC00250CC6 /* BikeLink.xcdatamodeld in Sources */ = {isa = PBXBuildFile; fileRef = A1D6F83E1A2BEDCC00250CC6 /* BikeLink.xcdatamodeld */; };
		A1D6F8421A2BEDCC00250CC6 /* ViewController.swift in Sources */ = {isa = PBXBuildFile; fileRef = A1D6F8411A2BEDCC00250CC6 /* ViewController.swift */; };
		A1D6F8451A2BEDCC00250CC6 /* Main.storyboard in Resources */ = {isa = PBXBuildFile; fileRef = A1D6F8431A2BEDCC00250CC6 /* Main.storyboard */; };
		A1D6F8471A2BEDCC00250CC6 /* Images.xcassets in Resources */ = {isa = PBXBuildFile; fileRef = A1D6F8461A2BEDCC00250CC6 /* Images.xcassets */; };
		A1D6F84A1A2BEDCC00250CC6 /* LaunchScreen.xib in Resources */ = {isa = PBXBuildFile; fileRef = A1D6F8481A2BEDCC00250CC6 /* LaunchScreen.xib */; };
		A1D6F8561A2BEDCC00250CC6 /* BikeLinkTests.swift in Sources */ = {isa = PBXBuildFile; fileRef = A1D6F8551A2BEDCC00250CC6 /* BikeLinkTests.swift */; };
		A1D6F8691A2C191F00250CC6 /* CoreLocation.framework in Frameworks */ = {isa = PBXBuildFile; fileRef = A1D6F8681A2C191F00250CC6 /* CoreLocation.framework */; };
		A1D6F86B1A2C192A00250CC6 /* CoreBluetooth.framework in Frameworks */ = {isa = PBXBuildFile; fileRef = A1D6F86A1A2C192A00250CC6 /* CoreBluetooth.framework */; };
/* End PBXBuildFile section */

/* Begin PBXContainerItemProxy section */
		A1D6F8501A2BEDCC00250CC6 /* PBXContainerItemProxy */ = {
			isa = PBXContainerItemProxy;
			containerPortal = A1D6F82F1A2BEDCC00250CC6 /* Project object */;
			proxyType = 1;
			remoteGlobalIDString = A1D6F8361A2BEDCC00250CC6;
			remoteInfo = BikeLink;
		};
/* End PBXContainerItemProxy section */

/* Begin PBXFileReference section */
		A144C2241A33663B00CA38F3 /* BikeLink.entitlements */ = {isa = PBXFileReference; lastKnownFileType = text.xml; path = BikeLink.entitlements; sourceTree = "<group>"; };
		A16F28601A3E3CF500DFA1D3 /* foxhurt2.wav */ = {isa = PBXFileReference; lastKnownFileType = audio.wav; path = foxhurt2.wav; sourceTree = "<group>"; };
		A1D6F8371A2BEDCC00250CC6 /* BikeLink.app */ = {isa = PBXFileReference; explicitFileType = wrapper.application; includeInIndex = 0; path = BikeLink.app; sourceTree = BUILT_PRODUCTS_DIR; };
		A1D6F83B1A2BEDCC00250CC6 /* Info.plist */ = {isa = PBXFileReference; lastKnownFileType = text.plist.xml; path = Info.plist; sourceTree = "<group>"; };
		A1D6F83C1A2BEDCC00250CC6 /* AppDelegate.swift */ = {isa = PBXFileReference; lastKnownFileType = sourcecode.swift; path = AppDelegate.swift; sourceTree = "<group>"; };
		A1D6F83F1A2BEDCC00250CC6 /* BikeLink.xcdatamodel */ = {isa = PBXFileReference; lastKnownFileType = wrapper.xcdatamodel; path = BikeLink.xcdatamodel; sourceTree = "<group>"; };
		A1D6F8411A2BEDCC00250CC6 /* ViewController.swift */ = {isa = PBXFileReference; lastKnownFileType = sourcecode.swift; path = ViewController.swift; sourceTree = "<group>"; };
		A1D6F8441A2BEDCC00250CC6 /* Base */ = {isa = PBXFileReference; lastKnownFileType = file.storyboard; name = Base; path = Base.lproj/Main.storyboard; sourceTree = "<group>"; };
		A1D6F8461A2BEDCC00250CC6 /* Images.xcassets */ = {isa = PBXFileReference; lastKnownFileType = folder.assetcatalog; path = Images.xcassets; sourceTree = "<group>"; };
		A1D6F8491A2BEDCC00250CC6 /* Base */ = {isa = PBXFileReference; lastKnownFileType = file.xib; name = Base; path = Base.lproj/LaunchScreen.xib; sourceTree = "<group>"; };
		A1D6F84F1A2BEDCC00250CC6 /* BikeLinkTests.xctest */ = {isa = PBXFileReference; explicitFileType = wrapper.cfbundle; includeInIndex = 0; path = BikeLinkTests.xctest; sourceTree = BUILT_PRODUCTS_DIR; };
		A1D6F8541A2BEDCC00250CC6 /* Info.plist */ = {isa = PBXFileReference; lastKnownFileType = text.plist.xml; path = Info.plist; sourceTree = "<group>"; };
		A1D6F8551A2BEDCC00250CC6 /* BikeLinkTests.swift */ = {isa = PBXFileReference; lastKnownFileType = sourcecode.swift; path = BikeLinkTests.swift; sourceTree = "<group>"; };
		A1D6F8681A2C191F00250CC6 /* CoreLocation.framework */ = {isa = PBXFileReference; lastKnownFileType = wrapper.framework; name = CoreLocation.framework; path = System/Library/Frameworks/CoreLocation.framework; sourceTree = SDKROOT; };
		A1D6F86A1A2C192A00250CC6 /* CoreBluetooth.framework */ = {isa = PBXFileReference; lastKnownFileType = wrapper.framework; name = CoreBluetooth.framework; path = System/Library/Frameworks/CoreBluetooth.framework; sourceTree = SDKROOT; };
/* End PBXFileReference section */

/* Begin PBXFrameworksBuildPhase section */
		A1D6F8341A2BEDCC00250CC6 /* Frameworks */ = {
			isa = PBXFrameworksBuildPhase;
			buildActionMask = 2147483647;
			files = (
				A1D6F86B1A2C192A00250CC6 /* CoreBluetooth.framework in Frameworks */,
				A1D6F8691A2C191F00250CC6 /* CoreLocation.framework in Frameworks */,
			);
			runOnlyForDeploymentPostprocessing = 0;
		};
		A1D6F84C1A2BEDCC00250CC6 /* Frameworks */ = {
			isa = PBXFrameworksBuildPhase;
			buildActionMask = 2147483647;
			files = (
			);
			runOnlyForDeploymentPostprocessing = 0;
		};
/* End PBXFrameworksBuildPhase section */

/* Begin PBXGroup section */
		A16F285F1A3E3CD300DFA1D3 /* Sounds */ = {
			isa = PBXGroup;
			children = (
				A16F28601A3E3CF500DFA1D3 /* foxhurt2.wav */,
			);
			name = Sounds;
			sourceTree = "<group>";
		};
		A1D6F82E1A2BEDCC00250CC6 = {
			isa = PBXGroup;
			children = (
				A1D6F86A1A2C192A00250CC6 /* CoreBluetooth.framework */,
				A1D6F8681A2C191F00250CC6 /* CoreLocation.framework */,
				A1D6F8391A2BEDCC00250CC6 /* BikeLink */,
				A1D6F8521A2BEDCC00250CC6 /* BikeLinkTests */,
				A1D6F8381A2BEDCC00250CC6 /* Products */,
			);
			sourceTree = "<group>";
		};
		A1D6F8381A2BEDCC00250CC6 /* Products */ = {
			isa = PBXGroup;
			children = (
				A1D6F8371A2BEDCC00250CC6 /* BikeLink.app */,
				A1D6F84F1A2BEDCC00250CC6 /* BikeLinkTests.xctest */,
			);
			name = Products;
			sourceTree = "<group>";
		};
		A1D6F8391A2BEDCC00250CC6 /* BikeLink */ = {
			isa = PBXGroup;
			children = (
				A144C2241A33663B00CA38F3 /* BikeLink.entitlements */,
				A1D6F85F1A2BF93B00250CC6 /* Classes */,
				A1D6F83C1A2BEDCC00250CC6 /* AppDelegate.swift */,
				A1D6F8411A2BEDCC00250CC6 /* ViewController.swift */,
				A16F285F1A3E3CD300DFA1D3 /* Sounds */,
				A1D6F8431A2BEDCC00250CC6 /* Main.storyboard */,
				A1D6F8461A2BEDCC00250CC6 /* Images.xcassets */,
				A1D6F8481A2BEDCC00250CC6 /* LaunchScreen.xib */,
				A1D6F83E1A2BEDCC00250CC6 /* BikeLink.xcdatamodeld */,
				A1D6F83A1A2BEDCC00250CC6 /* Supporting Files */,
			);
			path = BikeLink;
			sourceTree = "<group>";
		};
		A1D6F83A1A2BEDCC00250CC6 /* Supporting Files */ = {
			isa = PBXGroup;
			children = (
				A1D6F83B1A2BEDCC00250CC6 /* Info.plist */,
			);
			name = "Supporting Files";
			sourceTree = "<group>";
		};
		A1D6F8521A2BEDCC00250CC6 /* BikeLinkTests */ = {
			isa = PBXGroup;
			children = (
				A1D6F8551A2BEDCC00250CC6 /* BikeLinkTests.swift */,
				A1D6F8531A2BEDCC00250CC6 /* Supporting Files */,
			);
			path = BikeLinkTests;
			sourceTree = "<group>";
		};
		A1D6F8531A2BEDCC00250CC6 /* Supporting Files */ = {
			isa = PBXGroup;
			children = (
				A1D6F8541A2BEDCC00250CC6 /* Info.plist */,
			);
			name = "Supporting Files";
			sourceTree = "<group>";
		};
		A1D6F85F1A2BF93B00250CC6 /* Classes */ = {
			isa = PBXGroup;
			children = (
			);
			name = Classes;
			sourceTree = "<group>";
		};
/* End PBXGroup section */

/* Begin PBXNativeTarget section */
		A1D6F8361A2BEDCC00250CC6 /* BikeLink */ = {
			isa = PBXNativeTarget;
			buildConfigurationList = A1D6F8591A2BEDCC00250CC6 /* Build configuration list for PBXNativeTarget "BikeLink" */;
			buildPhases = (
				A1D6F8331A2BEDCC00250CC6 /* Sources */,
				A1D6F8341A2BEDCC00250CC6 /* Frameworks */,
				A1D6F8351A2BEDCC00250CC6 /* Resources */,
			);
			buildRules = (
			);
			dependencies = (
			);
			name = BikeLink;
			productName = BikeLink;
			productReference = A1D6F8371A2BEDCC00250CC6 /* BikeLink.app */;
			productType = "com.apple.product-type.application";
		};
		A1D6F84E1A2BEDCC00250CC6 /* BikeLinkTests */ = {
			isa = PBXNativeTarget;
			buildConfigurationList = A1D6F85C1A2BEDCC00250CC6 /* Build configuration list for PBXNativeTarget "BikeLinkTests" */;
			buildPhases = (
				A1D6F84B1A2BEDCC00250CC6 /* Sources */,
				A1D6F84C1A2BEDCC00250CC6 /* Frameworks */,
				A1D6F84D1A2BEDCC00250CC6 /* Resources */,
			);
			buildRules = (
			);
			dependencies = (
				A1D6F8511A2BEDCC00250CC6 /* PBXTargetDependency */,
			);
			name = BikeLinkTests;
			productName = BikeLinkTests;
			productReference = A1D6F84F1A2BEDCC00250CC6 /* BikeLinkTests.xctest */;
			productType = "com.apple.product-type.bundle.unit-test";
		};
/* End PBXNativeTarget section */

/* Begin PBXProject section */
		A1D6F82F1A2BEDCC00250CC6 /* Project object */ = {
			isa = PBXProject;
			attributes = {
				LastUpgradeCheck = 0610;
				ORGANIZATIONNAME = "Andy Staples";
				TargetAttributes = {
					A1D6F8361A2BEDCC00250CC6 = {
						CreatedOnToolsVersion = 6.1;
						DevelopmentTeam = 82XLHQZN88;
						SystemCapabilities = {
							com.apple.BackgroundModes = {
								enabled = 0;
							};
							com.apple.WAC = {
								enabled = 0;
							};
							com.apple.iCloud = {
								enabled = 0;
							};
						};
					};
					A1D6F84E1A2BEDCC00250CC6 = {
						CreatedOnToolsVersion = 6.1;
						TestTargetID = A1D6F8361A2BEDCC00250CC6;
					};
				};
			};
			buildConfigurationList = A1D6F8321A2BEDCC00250CC6 /* Build configuration list for PBXProject "BikeLink" */;
			compatibilityVersion = "Xcode 3.2";
			developmentRegion = English;
			hasScannedForEncodings = 0;
			knownRegions = (
				en,
				Base,
			);
			mainGroup = A1D6F82E1A2BEDCC00250CC6;
			productRefGroup = A1D6F8381A2BEDCC00250CC6 /* Products */;
			projectDirPath = "";
			projectRoot = "";
			targets = (
				A1D6F8361A2BEDCC00250CC6 /* BikeLink */,
				A1D6F84E1A2BEDCC00250CC6 /* BikeLinkTests */,
			);
		};
/* End PBXProject section */

/* Begin PBXResourcesBuildPhase section */
		A1D6F8351A2BEDCC00250CC6 /* Resources */ = {
			isa = PBXResourcesBuildPhase;
			buildActionMask = 2147483647;
			files = (
				A1D6F8451A2BEDCC00250CC6 /* Main.storyboard in Resources */,
				A1D6F84A1A2BEDCC00250CC6 /* LaunchScreen.xib in Resources */,
				A16F28611A3E3CF500DFA1D3 /* foxhurt2.wav in Resources */,
				A1D6F8471A2BEDCC00250CC6 /* Images.xcassets in Resources */,
			);
			runOnlyForDeploymentPostprocessing = 0;
		};
		A1D6F84D1A2BEDCC00250CC6 /* Resources */ = {
			isa = PBXResourcesBuildPhase;
			buildActionMask = 2147483647;
			files = (
			);
			runOnlyForDeploymentPostprocessing = 0;
		};
/* End PBXResourcesBuildPhase section */

/* Begin PBXSourcesBuildPhase section */
		A1D6F8331A2BEDCC00250CC6 /* Sources */ = {
			isa = PBXSourcesBuildPhase;
			buildActionMask = 2147483647;
			files = (
				A1D6F8421A2BEDCC00250CC6 /* ViewController.swift in Sources */,
				A1D6F8401A2BEDCC00250CC6 /* BikeLink.xcdatamodeld in Sources */,
				A1D6F83D1A2BEDCC00250CC6 /* AppDelegate.swift in Sources */,
			);
			runOnlyForDeploymentPostprocessing = 0;
		};
		A1D6F84B1A2BEDCC00250CC6 /* Sources */ = {
			isa = PBXSourcesBuildPhase;
			buildActionMask = 2147483647;
			files = (
				A1D6F8561A2BEDCC00250CC6 /* BikeLinkTests.swift in Sources */,
			);
			runOnlyForDeploymentPostprocessing = 0;
		};
/* End PBXSourcesBuildPhase section */

/* Begin PBXTargetDependency section */
		A1D6F8511A2BEDCC00250CC6 /* PBXTargetDependency */ = {
			isa = PBXTargetDependency;
			target = A1D6F8361A2BEDCC00250CC6 /* BikeLink */;
			targetProxy = A1D6F8501A2BEDCC00250CC6 /* PBXContainerItemProxy */;
		};
/* End PBXTargetDependency section */

/* Begin PBXVariantGroup section */
		A1D6F8431A2BEDCC00250CC6 /* Main.storyboard */ = {
			isa = PBXVariantGroup;
			children = (
				A1D6F8441A2BEDCC00250CC6 /* Base */,
			);
			name = Main.storyboard;
			sourceTree = "<group>";
		};
		A1D6F8481A2BEDCC00250CC6 /* LaunchScreen.xib */ = {
			isa = PBXVariantGroup;
			children = (
				A1D6F8491A2BEDCC00250CC6 /* Base */,
			);
			name = LaunchScreen.xib;
			sourceTree = "<group>";
		};
/* End PBXVariantGroup section */

/* Begin XCBuildConfiguration section */
		A1D6F8571A2BEDCC00250CC6 /* Debug */ = {
			isa = XCBuildConfiguration;
			buildSettings = {
				ALWAYS_SEARCH_USER_PATHS = NO;
				CLANG_CXX_LANGUAGE_STANDARD = "gnu++0x";
				CLANG_CXX_LIBRARY = "libc++";
				CLANG_ENABLE_MODULES = YES;
				CLANG_ENABLE_OBJC_ARC = YES;
				CLANG_WARN_BOOL_CONVERSION = YES;
				CLANG_WARN_CONSTANT_CONVERSION = YES;
				CLANG_WARN_DIRECT_OBJC_ISA_USAGE = YES_ERROR;
				CLANG_WARN_EMPTY_BODY = YES;
				CLANG_WARN_ENUM_CONVERSION = YES;
				CLANG_WARN_INT_CONVERSION = YES;
				CLANG_WARN_OBJC_ROOT_CLASS = YES_ERROR;
				CLANG_WARN_UNREACHABLE_CODE = YES;
				CLANG_WARN__DUPLICATE_METHOD_MATCH = YES;
				"CODE_SIGN_IDENTITY[sdk=iphoneos*]" = "iPhone Developer";
				COPY_PHASE_STRIP = NO;
				ENABLE_STRICT_OBJC_MSGSEND = YES;
				GCC_C_LANGUAGE_STANDARD = gnu99;
				GCC_DYNAMIC_NO_PIC = NO;
				GCC_OPTIMIZATION_LEVEL = 0;
				GCC_PREPROCESSOR_DEFINITIONS = (
					"DEBUG=1",
					"$(inherited)",
				);
				GCC_SYMBOLS_PRIVATE_EXTERN = NO;
				GCC_WARN_64_TO_32_BIT_CONVERSION = YES;
				GCC_WARN_ABOUT_RETURN_TYPE = YES_ERROR;
				GCC_WARN_UNDECLARED_SELECTOR = YES;
				GCC_WARN_UNINITIALIZED_AUTOS = YES_AGGRESSIVE;
				GCC_WARN_UNUSED_FUNCTION = YES;
				GCC_WARN_UNUSED_VARIABLE = YES;
				IPHONEOS_DEPLOYMENT_TARGET = 8.1;
				MTL_ENABLE_DEBUG_INFO = YES;
				ONLY_ACTIVE_ARCH = YES;
				SDKROOT = iphoneos;
				SWIFT_OPTIMIZATION_LEVEL = "-Onone";
				TARGETED_DEVICE_FAMILY = "1,2";
			};
			name = Debug;
		};
		A1D6F8581A2BEDCC00250CC6 /* Release */ = {
			isa = XCBuildConfiguration;
			buildSettings = {
				ALWAYS_SEARCH_USER_PATHS = NO;
				CLANG_CXX_LANGUAGE_STANDARD = "gnu++0x";
				CLANG_CXX_LIBRARY = "libc++";
				CLANG_ENABLE_MODULES = YES;
				CLANG_ENABLE_OBJC_ARC = YES;
				CLANG_WARN_BOOL_CONVERSION = YES;
				CLANG_WARN_CONSTANT_CONVERSION = YES;
				CLANG_WARN_DIRECT_OBJC_ISA_USAGE = YES_ERROR;
				CLANG_WARN_EMPTY_BODY = YES;
				CLANG_WARN_ENUM_CONVERSION = YES;
				CLANG_WARN_INT_CONVERSION = YES;
				CLANG_WARN_OBJC_ROOT_CLASS = YES_ERROR;
				CLANG_WARN_UNREACHABLE_CODE = YES;
				CLANG_WARN__DUPLICATE_METHOD_MATCH = YES;
				"CODE_SIGN_IDENTITY[sdk=iphoneos*]" = "iPhone Developer";
				COPY_PHASE_STRIP = YES;
				ENABLE_NS_ASSERTIONS = NO;
				ENABLE_STRICT_OBJC_MSGSEND = YES;
				GCC_C_LANGUAGE_STANDARD = gnu99;
				GCC_WARN_64_TO_32_BIT_CONVERSION = YES;
				GCC_WARN_ABOUT_RETURN_TYPE = YES_ERROR;
				GCC_WARN_UNDECLARED_SELECTOR = YES;
				GCC_WARN_UNINITIALIZED_AUTOS = YES_AGGRESSIVE;
				GCC_WARN_UNUSED_FUNCTION = YES;
				GCC_WARN_UNUSED_VARIABLE = YES;
				IPHONEOS_DEPLOYMENT_TARGET = 8.1;
				MTL_ENABLE_DEBUG_INFO = NO;
				SDKROOT = iphoneos;
				TARGETED_DEVICE_FAMILY = "1,2";
				VALIDATE_PRODUCT = YES;
			};
			name = Release;
		};
		A1D6F85A1A2BEDCC00250CC6 /* Debug */ = {
			isa = XCBuildConfiguration;
			buildSettings = {
				ASSETCATALOG_COMPILER_APPICON_NAME = AppIcon;
				CODE_SIGN_IDENTITY = "iPhone Developer";
				"CODE_SIGN_IDENTITY[sdk=iphoneos*]" = "iPhone Developer";
				INFOPLIST_FILE = BikeLink/Info.plist;
				IPHONEOS_DEPLOYMENT_TARGET = 8.1;
				LD_RUNPATH_SEARCH_PATHS = "$(inherited) @executable_path/Frameworks";
				PRODUCT_NAME = "$(TARGET_NAME)";
				PROVISIONING_PROFILE = "";
			};
			name = Debug;
		};
		A1D6F85B1A2BEDCC00250CC6 /* Release */ = {
			isa = XCBuildConfiguration;
			buildSettings = {
				ASSETCATALOG_COMPILER_APPICON_NAME = AppIcon;
				CODE_SIGN_IDENTITY = "iPhone Developer";
				"CODE_SIGN_IDENTITY[sdk=iphoneos*]" = "iPhone Developer";
				INFOPLIST_FILE = BikeLink/Info.plist;
				IPHONEOS_DEPLOYMENT_TARGET = 8.1;
				LD_RUNPATH_SEARCH_PATHS = "$(inherited) @executable_path/Frameworks";
				PRODUCT_NAME = "$(TARGET_NAME)";
				PROVISIONING_PROFILE = "";
			};
			name = Release;
		};
		A1D6F85D1A2BEDCC00250CC6 /* Debug */ = {
			isa = XCBuildConfiguration;
			buildSettings = {
				BUNDLE_LOADER = "$(TEST_HOST)";
				FRAMEWORK_SEARCH_PATHS = (
					"$(SDKROOT)/Developer/Library/Frameworks",
					"$(inherited)",
				);
				GCC_PREPROCESSOR_DEFINITIONS = (
					"DEBUG=1",
					"$(inherited)",
				);
				INFOPLIST_FILE = BikeLinkTests/Info.plist;
				LD_RUNPATH_SEARCH_PATHS = "$(inherited) @executable_path/Frameworks @loader_path/Frameworks";
				PRODUCT_NAME = "$(TARGET_NAME)";
				TEST_HOST = "$(BUILT_PRODUCTS_DIR)/BikeLink.app/BikeLink";
			};
			name = Debug;
		};
		A1D6F85E1A2BEDCC00250CC6 /* Release */ = {
			isa = XCBuildConfiguration;
			buildSettings = {
				BUNDLE_LOADER = "$(TEST_HOST)";
				FRAMEWORK_SEARCH_PATHS = (
					"$(SDKROOT)/Developer/Library/Frameworks",
					"$(inherited)",
				);
				INFOPLIST_FILE = BikeLinkTests/Info.plist;
				LD_RUNPATH_SEARCH_PATHS = "$(inherited) @executable_path/Frameworks @loader_path/Frameworks";
				PRODUCT_NAME = "$(TARGET_NAME)";
				TEST_HOST = "$(BUILT_PRODUCTS_DIR)/BikeLink.app/BikeLink";
			};
			name = Release;
		};
/* End XCBuildConfiguration section */

/* Begin XCConfigurationList section */
		A1D6F8321A2BEDCC00250CC6 /* Build configuration list for PBXProject "BikeLink" */ = {
			isa = XCConfigurationList;
			buildConfigurations = (
				A1D6F8571A2BEDCC00250CC6 /* Debug */,
				A1D6F8581A2BEDCC00250CC6 /* Release */,
			);
			defaultConfigurationIsVisible = 0;
			defaultConfigurationName = Release;
		};
		A1D6F8591A2BEDCC00250CC6 /* Build configuration list for PBXNativeTarget "BikeLink" */ = {
			isa = XCConfigurationList;
			buildConfigurations = (
				A1D6F85A1A2BEDCC00250CC6 /* Debug */,
				A1D6F85B1A2BEDCC00250CC6 /* Release */,
			);
			defaultConfigurationIsVisible = 0;
			defaultConfigurationName = Release;
		};
		A1D6F85C1A2BEDCC00250CC6 /* Build configuration list for PBXNativeTarget "BikeLinkTests" */ = {
			isa = XCConfigurationList;
			buildConfigurations = (
				A1D6F85D1A2BEDCC00250CC6 /* Debug */,
				A1D6F85E1A2BEDCC00250CC6 /* Release */,
			);
			defaultConfigurationIsVisible = 0;
			defaultConfigurationName = Release;
		};
/* End XCConfigurationList section */

/* Begin XCVersionGroup section */
		A1D6F83E1A2BEDCC00250CC6 /* BikeLink.xcdatamodeld */ = {
			isa = XCVersionGroup;
			children = (
				A1D6F83F1A2BEDCC00250CC6 /* BikeLink.xcdatamodel */,
			);
			currentVersion = A1D6F83F1A2BEDCC00250CC6 /* BikeLink.xcdatamodel */;
			path = BikeLink.xcdatamodeld;
			sourceTree = "<group>";
			versionGroupType = wrapper.xcdatamodel;
		};
/* End XCVersionGroup section */
	};
	rootObject = A1D6F82F1A2BEDCC00250CC6 /* Project object */;
}
